
Microsoft Visual Studio Solution File, Format Version 12.00
# Visual Studio Version 17
VisualStudioVersion = 17.4.33122.133
MinimumVisualStudioVersion = 10.0.40219.1
Project("{FAE04EC0-301F-11D3-BF4B-00C04F79EFBC}") = "Exercism", "Exercism.csproj", "{76B2F55D-40FD-42DD-8165-039EC5A54176}"
EndProject
Global
	GlobalSection(SolutionConfigurationPlatforms) = preSolution
		Debug|Any CPU = Debug|Any CPU
		Release|Any CPU = Release|Any CPU
	EndGlobalSection
	GlobalSection(ProjectConfigurationPlatforms) = postSolution
		{76B2F55D-40FD-42DD-8165-039EC5A54176}.Debug|Any CPU.ActiveCfg = Debug|Any CPU
		{76B2F55D-40FD-42DD-8165-039EC5A54176}.Debug|Any CPU.Build.0 = Debug|Any CPU
		{76B2F55D-40FD-42DD-8165-039EC5A54176}.Release|Any CPU.ActiveCfg = Release|Any CPU
		{76B2F55D-40FD-42DD-8165-039EC5A54176}.Release|Any CPU.Build.0 = Release|Any CPU
	EndGlobalSection
	GlobalSection(SolutionProperties) = preSolution
		HideSolutionNode = FALSE
	EndGlobalSection
	GlobalSection(ExtensibilityGlobals) = postSolution
		SolutionGuid = {6A52A123-6593-4031-B2B7-34033131B9AE}
	EndGlobalSection
EndGlobal
